
Microsoft Visual Studio Solution File, Format Version 11.00
# Visual Studio 2010
Project("{F184B08F-C81C-45F6-A57F-5ABD9991F28F}") = "RASEnrollment", "RASEnrollment\RASEnrollment.vbproj", "{F1AFB1F4-E49D-41D9-8584-186845CCDA5F}"
EndProject
Global
	GlobalSection(SolutionConfigurationPlatforms) = preSolution
		Debug|Any CPU = Debug|Any CPU
		Release|Any CPU = Release|Any CPU
	EndGlobalSection
	GlobalSection(ProjectConfigurationPlatforms) = postSolution
		{F1AFB1F4-E49D-41D9-8584-186845CCDA5F}.Debug|Any CPU.ActiveCfg = Debug|Any CPU
		{F1AFB1F4-E49D-41D9-8584-186845CCDA5F}.Debug|Any CPU.Build.0 = Debug|Any CPU
		{F1AFB1F4-E49D-41D9-8584-186845CCDA5F}.Release|Any CPU.ActiveCfg = Release|Any CPU
		{F1AFB1F4-E49D-41D9-8584-186845CCDA5F}.Release|Any CPU.Build.0 = Release|Any CPU
	EndGlobalSection
	GlobalSection(SolutionProperties) = preSolution
		HideSolutionNode = FALSE
	EndGlobalSection
EndGlobal
